// !$*UTF8*$!
{
	archiveVersion = 1;
	classes = {
	};
	objectVersion = 50;
	objects = {

/* Begin PBXBuildFile section */
		760989FA23AE3149003F021B /* AppDelegate.swift in Sources */ = {isa = PBXBuildFile; fileRef = 760989F923AE3149003F021B /* AppDelegate.swift */; };
		760989FC23AE3149003F021B /* SceneDelegate.swift in Sources */ = {isa = PBXBuildFile; fileRef = 760989FB23AE3149003F021B /* SceneDelegate.swift */; };
		76098A0123AE3149003F021B /* ContentView.swift in Sources */ = {isa = PBXBuildFile; fileRef = 76098A0023AE3149003F021B /* ContentView.swift */; };
		76098A0323AE314A003F021B /* Assets.xcassets in Resources */ = {isa = PBXBuildFile; fileRef = 76098A0223AE314A003F021B /* Assets.xcassets */; };
		76098A0923AE314A003F021B /* LaunchScreen.storyboard in Resources */ = {isa = PBXBuildFile; fileRef = 76098A0723AE314A003F021B /* LaunchScreen.storyboard */; };
		76098A1423AE314A003F021B /* NewsAppTests.swift in Sources */ = {isa = PBXBuildFile; fileRef = 76098A1323AE314A003F021B /* NewsAppTests.swift */; };
		76098A2023AE36A7003F021B /* ModuleBuilder.swift in Sources */ = {isa = PBXBuildFile; fileRef = 76098A1F23AE36A7003F021B /* ModuleBuilder.swift */; };
		76098A2823AE37C2003F021B /* EverythingViewController.swift in Sources */ = {isa = PBXBuildFile; fileRef = 76098A2723AE37C2003F021B /* EverythingViewController.swift */; };
		76098A2A23AE37F1003F021B /* EverythingPresenter.swift in Sources */ = {isa = PBXBuildFile; fileRef = 76098A2923AE37F1003F021B /* EverythingPresenter.swift */; };
		76098A2C23AE37FA003F021B /* EverythingPresenterProtocol.swift in Sources */ = {isa = PBXBuildFile; fileRef = 76098A2B23AE37FA003F021B /* EverythingPresenterProtocol.swift */; };
		76098A2E23AE385E003F021B /* EverythingViewProtocol.swift in Sources */ = {isa = PBXBuildFile; fileRef = 76098A2D23AE385E003F021B /* EverythingViewProtocol.swift */; };
		76098A3223AE3E0D003F021B /* NetworkService.swift in Sources */ = {isa = PBXBuildFile; fileRef = 76098A3123AE3E0D003F021B /* NetworkService.swift */; };
		76098A3423AE3E3D003F021B /* NetworkServiceProtocol.swift in Sources */ = {isa = PBXBuildFile; fileRef = 76098A3323AE3E3D003F021B /* NetworkServiceProtocol.swift */; };
		76098A3623AE3FDF003F021B /* News.swift in Sources */ = {isa = PBXBuildFile; fileRef = 76098A3523AE3FDF003F021B /* News.swift */; };
		76098A3823AE4497003F021B /* NetworkResponse.swift in Sources */ = {isa = PBXBuildFile; fileRef = 76098A3723AE4497003F021B /* NetworkResponse.swift */; };
		76098A3A23AE4633003F021B /* NetworkContext.swift in Sources */ = {isa = PBXBuildFile; fileRef = 76098A3923AE4633003F021B /* NetworkContext.swift */; };
		76098A3C23AE464F003F021B /* RouteProtocol.swift in Sources */ = {isa = PBXBuildFile; fileRef = 76098A3B23AE464F003F021B /* RouteProtocol.swift */; };
		76098A3E23AE466C003F021B /* Route.swift in Sources */ = {isa = PBXBuildFile; fileRef = 76098A3D23AE466C003F021B /* Route.swift */; };
		76098A4023AE47D7003F021B /* NetworkMethod.swift in Sources */ = {isa = PBXBuildFile; fileRef = 76098A3F23AE47D6003F021B /* NetworkMethod.swift */; };
		76098A4223AE47E6003F021B /* NetworkEncoding.swift in Sources */ = {isa = PBXBuildFile; fileRef = 76098A4123AE47E6003F021B /* NetworkEncoding.swift */; };
		76098A4423AE4813003F021B /* NetworkError.swift in Sources */ = {isa = PBXBuildFile; fileRef = 76098A4323AE4813003F021B /* NetworkError.swift */; };
		76098A4623AE48B6003F021B /* FailureNetworkResponse.swift in Sources */ = {isa = PBXBuildFile; fileRef = 76098A4523AE48B6003F021B /* FailureNetworkResponse.swift */; };
		76098A4823AE4C9F003F021B /* SuccessNetworkResponse.swift in Sources */ = {isa = PBXBuildFile; fileRef = 76098A4723AE4C9F003F021B /* SuccessNetworkResponse.swift */; };
		76098A4A23AE58D3003F021B /* EntityNetworkContext.swift in Sources */ = {isa = PBXBuildFile; fileRef = 76098A4923AE58D3003F021B /* EntityNetworkContext.swift */; };
		76098A4D23AE5C4B003F021B /* RouterProtocol.swift in Sources */ = {isa = PBXBuildFile; fileRef = 76098A4C23AE5C4B003F021B /* RouterProtocol.swift */; };
		76098A4F23AE5C50003F021B /* Router.swift in Sources */ = {isa = PBXBuildFile; fileRef = 76098A4E23AE5C50003F021B /* Router.swift */; };
		76098A5123AE5DD2003F021B /* ModuleBuilderProtocol.swift in Sources */ = {isa = PBXBuildFile; fileRef = 76098A5023AE5DD2003F021B /* ModuleBuilderProtocol.swift */; };
		76098A5423AE67FF003F021B /* TabBarController.swift in Sources */ = {isa = PBXBuildFile; fileRef = 76098A5323AE67FF003F021B /* TabBarController.swift */; };
		76098A5923AE68DA003F021B /* TabItem.swift in Sources */ = {isa = PBXBuildFile; fileRef = 76098A5823AE68DA003F021B /* TabItem.swift */; };
		76098A5B23AE692E003F021B /* TabBarPresenter.swift in Sources */ = {isa = PBXBuildFile; fileRef = 76098A5A23AE692E003F021B /* TabBarPresenter.swift */; };
		76098A5D23AE6938003F021B /* TabBarPresenterProtocol.swift in Sources */ = {isa = PBXBuildFile; fileRef = 76098A5C23AE6938003F021B /* TabBarPresenterProtocol.swift */; };
		76098A5F23AE696E003F021B /* TabBarViewProtocol.swift in Sources */ = {isa = PBXBuildFile; fileRef = 76098A5E23AE696E003F021B /* TabBarViewProtocol.swift */; };
		7615825C23AF963900F2F3F1 /* Preview Assets.xcassets in Resources */ = {isa = PBXBuildFile; fileRef = 7615825B23AF963900F2F3F1 /* Preview Assets.xcassets */; };
		7617A31423AF4439002F3EE5 /* TopHeadlinesNetworkContext.swift in Sources */ = {isa = PBXBuildFile; fileRef = 7617A31323AF4439002F3EE5 /* TopHeadlinesNetworkContext.swift */; };
		7617A31A23AF8D81002F3EE5 /* BaseDetailViewController.swift in Sources */ = {isa = PBXBuildFile; fileRef = 7617A31923AF8D81002F3EE5 /* BaseDetailViewController.swift */; };
		7617A31C23AF8D8D002F3EE5 /* BaseDetailViewProtocol.swift in Sources */ = {isa = PBXBuildFile; fileRef = 7617A31B23AF8D8D002F3EE5 /* BaseDetailViewProtocol.swift */; };
		7617A31E23AF8ECC002F3EE5 /* BaseDetailPresenter.swift in Sources */ = {isa = PBXBuildFile; fileRef = 7617A31D23AF8ECC002F3EE5 /* BaseDetailPresenter.swift */; };
		7617A32023AF8ED2002F3EE5 /* BaseDetailPresenterProtocol.swift in Sources */ = {isa = PBXBuildFile; fileRef = 7617A31F23AF8ED2002F3EE5 /* BaseDetailPresenterProtocol.swift */; };
		76987EE623AE6F5500869280 /* ViewInitalizationProtocol.swift in Sources */ = {isa = PBXBuildFile; fileRef = 76987EE523AE6F5500869280 /* ViewInitalizationProtocol.swift */; };
		76987EE823AE701D00869280 /* UIVIew + extension.swift in Sources */ = {isa = PBXBuildFile; fileRef = 76987EE723AE701D00869280 /* UIVIew + extension.swift */; };
		76A6AFBE23AE741B00B0A4E3 /* ImageProtocol.swift in Sources */ = {isa = PBXBuildFile; fileRef = 76A6AFBD23AE741B00B0A4E3 /* ImageProtocol.swift */; };
		76A6AFC023AE743600B0A4E3 /* NewsAppImage.swift in Sources */ = {isa = PBXBuildFile; fileRef = 76A6AFBF23AE743600B0A4E3 /* NewsAppImage.swift */; };
		76A6AFC223AE759900B0A4E3 /* EverythingCell.swift in Sources */ = {isa = PBXBuildFile; fileRef = 76A6AFC123AE759900B0A4E3 /* EverythingCell.swift */; };
		76A6AFC523AE77E700B0A4E3 /* CoreDataStack.swift in Sources */ = {isa = PBXBuildFile; fileRef = 76A6AFC423AE77E700B0A4E3 /* CoreDataStack.swift */; };
		76A6AFC723AE784900B0A4E3 /* TopHeadlines.swift in Sources */ = {isa = PBXBuildFile; fileRef = 76A6AFC623AE784900B0A4E3 /* TopHeadlines.swift */; };
		76A6AFC923AE787F00B0A4E3 /* Everything.swift in Sources */ = {isa = PBXBuildFile; fileRef = 76A6AFC823AE787F00B0A4E3 /* Everything.swift */; };
		76A6AFCB23AE800700B0A4E3 /* AppServices.swift in Sources */ = {isa = PBXBuildFile; fileRef = 76A6AFCA23AE800700B0A4E3 /* AppServices.swift */; };
		76F4480823AEA0C000AA7F09 /* UIDevice + extension.swift in Sources */ = {isa = PBXBuildFile; fileRef = 76F4480723AEA0C000AA7F09 /* UIDevice + extension.swift */; };
		76F4480A23AEB4A100AA7F09 /* ActivityIndicatorProtocol.swift in Sources */ = {isa = PBXBuildFile; fileRef = 76F4480923AEB4A100AA7F09 /* ActivityIndicatorProtocol.swift */; };
		76F4480C23AEB4C600AA7F09 /* UIViewController + extension.swift in Sources */ = {isa = PBXBuildFile; fileRef = 76F4480B23AEB4C600AA7F09 /* UIViewController + extension.swift */; };
		76F4481123AEBEED00AA7F09 /* TopHeadlinesViewController.swift in Sources */ = {isa = PBXBuildFile; fileRef = 76F4481023AEBEED00AA7F09 /* TopHeadlinesViewController.swift */; };
		76F4481323AEBF2600AA7F09 /* TopHeadlinesViewProtocol.swift in Sources */ = {isa = PBXBuildFile; fileRef = 76F4481223AEBF2600AA7F09 /* TopHeadlinesViewProtocol.swift */; };
		76F4481523AEBF3200AA7F09 /* TopHeadlinesPresenter.swift in Sources */ = {isa = PBXBuildFile; fileRef = 76F4481423AEBF3200AA7F09 /* TopHeadlinesPresenter.swift */; };
		76F4481723AEBF3A00AA7F09 /* TopHeadlinesPresenterProtocol.swift in Sources */ = {isa = PBXBuildFile; fileRef = 76F4481623AEBF3A00AA7F09 /* TopHeadlinesPresenterProtocol.swift */; };
/* End PBXBuildFile section */

/* Begin PBXContainerItemProxy section */
		76098A1023AE314A003F021B /* PBXContainerItemProxy */ = {
			isa = PBXContainerItemProxy;
			containerPortal = 760989EE23AE3149003F021B /* Project object */;
			proxyType = 1;
			remoteGlobalIDString = 760989F523AE3149003F021B;
			remoteInfo = NewsApp;
		};
/* End PBXContainerItemProxy section */

/* Begin PBXFileReference section */
		760989F623AE3149003F021B /* NewsApp.app */ = {isa = PBXFileReference; explicitFileType = wrapper.application; includeInIndex = 0; path = NewsApp.app; sourceTree = BUILT_PRODUCTS_DIR; };
		760989F923AE3149003F021B /* AppDelegate.swift */ = {isa = PBXFileReference; lastKnownFileType = sourcecode.swift; path = AppDelegate.swift; sourceTree = "<group>"; };
		760989FB23AE3149003F021B /* SceneDelegate.swift */ = {isa = PBXFileReference; lastKnownFileType = sourcecode.swift; path = SceneDelegate.swift; sourceTree = "<group>"; };
		76098A0023AE3149003F021B /* ContentView.swift */ = {isa = PBXFileReference; lastKnownFileType = sourcecode.swift; path = ContentView.swift; sourceTree = "<group>"; };
		76098A0223AE314A003F021B /* Assets.xcassets */ = {isa = PBXFileReference; lastKnownFileType = folder.assetcatalog; path = Assets.xcassets; sourceTree = "<group>"; };
		76098A0823AE314A003F021B /* Base */ = {isa = PBXFileReference; lastKnownFileType = file.storyboard; name = Base; path = Base.lproj/LaunchScreen.storyboard; sourceTree = "<group>"; };
		76098A0A23AE314A003F021B /* Info.plist */ = {isa = PBXFileReference; lastKnownFileType = text.plist.xml; path = Info.plist; sourceTree = "<group>"; };
		76098A0F23AE314A003F021B /* NewsAppTests.xctest */ = {isa = PBXFileReference; explicitFileType = wrapper.cfbundle; includeInIndex = 0; path = NewsAppTests.xctest; sourceTree = BUILT_PRODUCTS_DIR; };
		76098A1323AE314A003F021B /* NewsAppTests.swift */ = {isa = PBXFileReference; lastKnownFileType = sourcecode.swift; path = NewsAppTests.swift; sourceTree = "<group>"; };
		76098A1523AE314A003F021B /* Info.plist */ = {isa = PBXFileReference; lastKnownFileType = text.plist.xml; path = Info.plist; sourceTree = "<group>"; };
		76098A1F23AE36A7003F021B /* ModuleBuilder.swift */ = {isa = PBXFileReference; lastKnownFileType = sourcecode.swift; path = ModuleBuilder.swift; sourceTree = "<group>"; };
		76098A2723AE37C2003F021B /* EverythingViewController.swift */ = {isa = PBXFileReference; lastKnownFileType = sourcecode.swift; path = EverythingViewController.swift; sourceTree = "<group>"; };
		76098A2923AE37F1003F021B /* EverythingPresenter.swift */ = {isa = PBXFileReference; lastKnownFileType = sourcecode.swift; path = EverythingPresenter.swift; sourceTree = "<group>"; };
		76098A2B23AE37FA003F021B /* EverythingPresenterProtocol.swift */ = {isa = PBXFileReference; lastKnownFileType = sourcecode.swift; path = EverythingPresenterProtocol.swift; sourceTree = "<group>"; };
		76098A2D23AE385E003F021B /* EverythingViewProtocol.swift */ = {isa = PBXFileReference; lastKnownFileType = sourcecode.swift; path = EverythingViewProtocol.swift; sourceTree = "<group>"; };
		76098A3123AE3E0D003F021B /* NetworkService.swift */ = {isa = PBXFileReference; lastKnownFileType = sourcecode.swift; path = NetworkService.swift; sourceTree = "<group>"; };
		76098A3323AE3E3D003F021B /* NetworkServiceProtocol.swift */ = {isa = PBXFileReference; lastKnownFileType = sourcecode.swift; path = NetworkServiceProtocol.swift; sourceTree = "<group>"; };
		76098A3523AE3FDF003F021B /* News.swift */ = {isa = PBXFileReference; lastKnownFileType = sourcecode.swift; path = News.swift; sourceTree = "<group>"; };
		76098A3723AE4497003F021B /* NetworkResponse.swift */ = {isa = PBXFileReference; lastKnownFileType = sourcecode.swift; path = NetworkResponse.swift; sourceTree = "<group>"; };
		76098A3923AE4633003F021B /* NetworkContext.swift */ = {isa = PBXFileReference; lastKnownFileType = sourcecode.swift; path = NetworkContext.swift; sourceTree = "<group>"; };
		76098A3B23AE464F003F021B /* RouteProtocol.swift */ = {isa = PBXFileReference; lastKnownFileType = sourcecode.swift; path = RouteProtocol.swift; sourceTree = "<group>"; };
		76098A3D23AE466C003F021B /* Route.swift */ = {isa = PBXFileReference; lastKnownFileType = sourcecode.swift; path = Route.swift; sourceTree = "<group>"; };
		76098A3F23AE47D6003F021B /* NetworkMethod.swift */ = {isa = PBXFileReference; lastKnownFileType = sourcecode.swift; path = NetworkMethod.swift; sourceTree = "<group>"; };
		76098A4123AE47E6003F021B /* NetworkEncoding.swift */ = {isa = PBXFileReference; lastKnownFileType = sourcecode.swift; path = NetworkEncoding.swift; sourceTree = "<group>"; };
		76098A4323AE4813003F021B /* NetworkError.swift */ = {isa = PBXFileReference; lastKnownFileType = sourcecode.swift; path = NetworkError.swift; sourceTree = "<group>"; };
		76098A4523AE48B6003F021B /* FailureNetworkResponse.swift */ = {isa = PBXFileReference; lastKnownFileType = sourcecode.swift; path = FailureNetworkResponse.swift; sourceTree = "<group>"; };
		76098A4723AE4C9F003F021B /* SuccessNetworkResponse.swift */ = {isa = PBXFileReference; lastKnownFileType = sourcecode.swift; path = SuccessNetworkResponse.swift; sourceTree = "<group>"; };
		76098A4923AE58D3003F021B /* EntityNetworkContext.swift */ = {isa = PBXFileReference; lastKnownFileType = sourcecode.swift; path = EntityNetworkContext.swift; sourceTree = "<group>"; };
		76098A4C23AE5C4B003F021B /* RouterProtocol.swift */ = {isa = PBXFileReference; lastKnownFileType = sourcecode.swift; path = RouterProtocol.swift; sourceTree = "<group>"; };
		76098A4E23AE5C50003F021B /* Router.swift */ = {isa = PBXFileReference; lastKnownFileType = sourcecode.swift; path = Router.swift; sourceTree = "<group>"; };
		76098A5023AE5DD2003F021B /* ModuleBuilderProtocol.swift */ = {isa = PBXFileReference; lastKnownFileType = sourcecode.swift; path = ModuleBuilderProtocol.swift; sourceTree = "<group>"; };
		76098A5323AE67FF003F021B /* TabBarController.swift */ = {isa = PBXFileReference; lastKnownFileType = sourcecode.swift; path = TabBarController.swift; sourceTree = "<group>"; };
		76098A5823AE68DA003F021B /* TabItem.swift */ = {isa = PBXFileReference; lastKnownFileType = sourcecode.swift; path = TabItem.swift; sourceTree = "<group>"; };
		76098A5A23AE692E003F021B /* TabBarPresenter.swift */ = {isa = PBXFileReference; lastKnownFileType = sourcecode.swift; path = TabBarPresenter.swift; sourceTree = "<group>"; };
		76098A5C23AE6938003F021B /* TabBarPresenterProtocol.swift */ = {isa = PBXFileReference; lastKnownFileType = sourcecode.swift; path = TabBarPresenterProtocol.swift; sourceTree = "<group>"; };
		76098A5E23AE696E003F021B /* TabBarViewProtocol.swift */ = {isa = PBXFileReference; lastKnownFileType = sourcecode.swift; path = TabBarViewProtocol.swift; sourceTree = "<group>"; };
		7615825B23AF963900F2F3F1 /* Preview Assets.xcassets */ = {isa = PBXFileReference; lastKnownFileType = folder.assetcatalog; path = "Preview Assets.xcassets"; sourceTree = "<group>"; };
		7617A31323AF4439002F3EE5 /* TopHeadlinesNetworkContext.swift */ = {isa = PBXFileReference; lastKnownFileType = sourcecode.swift; path = TopHeadlinesNetworkContext.swift; sourceTree = "<group>"; };
		7617A31923AF8D81002F3EE5 /* BaseDetailViewController.swift */ = {isa = PBXFileReference; lastKnownFileType = sourcecode.swift; path = BaseDetailViewController.swift; sourceTree = "<group>"; };
		7617A31B23AF8D8D002F3EE5 /* BaseDetailViewProtocol.swift */ = {isa = PBXFileReference; lastKnownFileType = sourcecode.swift; path = BaseDetailViewProtocol.swift; sourceTree = "<group>"; };
		7617A31D23AF8ECC002F3EE5 /* BaseDetailPresenter.swift */ = {isa = PBXFileReference; lastKnownFileType = sourcecode.swift; path = BaseDetailPresenter.swift; sourceTree = "<group>"; };
		7617A31F23AF8ED2002F3EE5 /* BaseDetailPresenterProtocol.swift */ = {isa = PBXFileReference; lastKnownFileType = sourcecode.swift; path = BaseDetailPresenterProtocol.swift; sourceTree = "<group>"; };
		76987EE523AE6F5500869280 /* ViewInitalizationProtocol.swift */ = {isa = PBXFileReference; lastKnownFileType = sourcecode.swift; path = ViewInitalizationProtocol.swift; sourceTree = "<group>"; };
		76987EE723AE701D00869280 /* UIVIew + extension.swift */ = {isa = PBXFileReference; lastKnownFileType = sourcecode.swift; path = "UIVIew + extension.swift"; sourceTree = "<group>"; };
		76A6AFBD23AE741B00B0A4E3 /* ImageProtocol.swift */ = {isa = PBXFileReference; lastKnownFileType = sourcecode.swift; path = ImageProtocol.swift; sourceTree = "<group>"; };
		76A6AFBF23AE743600B0A4E3 /* NewsAppImage.swift */ = {isa = PBXFileReference; lastKnownFileType = sourcecode.swift; path = NewsAppImage.swift; sourceTree = "<group>"; };
		76A6AFC123AE759900B0A4E3 /* EverythingCell.swift */ = {isa = PBXFileReference; lastKnownFileType = sourcecode.swift; path = EverythingCell.swift; sourceTree = "<group>"; };
		76A6AFC423AE77E700B0A4E3 /* CoreDataStack.swift */ = {isa = PBXFileReference; lastKnownFileType = sourcecode.swift; path = CoreDataStack.swift; sourceTree = "<group>"; };
		76A6AFC623AE784900B0A4E3 /* TopHeadlines.swift */ = {isa = PBXFileReference; lastKnownFileType = sourcecode.swift; path = TopHeadlines.swift; sourceTree = "<group>"; };
		76A6AFC823AE787F00B0A4E3 /* Everything.swift */ = {isa = PBXFileReference; lastKnownFileType = sourcecode.swift; path = Everything.swift; sourceTree = "<group>"; };
		76A6AFCA23AE800700B0A4E3 /* AppServices.swift */ = {isa = PBXFileReference; lastKnownFileType = sourcecode.swift; path = AppServices.swift; sourceTree = "<group>"; };
		76F4480723AEA0C000AA7F09 /* UIDevice + extension.swift */ = {isa = PBXFileReference; lastKnownFileType = sourcecode.swift; path = "UIDevice + extension.swift"; sourceTree = "<group>"; };
		76F4480923AEB4A100AA7F09 /* ActivityIndicatorProtocol.swift */ = {isa = PBXFileReference; lastKnownFileType = sourcecode.swift; path = ActivityIndicatorProtocol.swift; sourceTree = "<group>"; };
		76F4480B23AEB4C600AA7F09 /* UIViewController + extension.swift */ = {isa = PBXFileReference; lastKnownFileType = sourcecode.swift; path = "UIViewController + extension.swift"; sourceTree = "<group>"; };
		76F4481023AEBEED00AA7F09 /* TopHeadlinesViewController.swift */ = {isa = PBXFileReference; lastKnownFileType = sourcecode.swift; path = TopHeadlinesViewController.swift; sourceTree = "<group>"; };
		76F4481223AEBF2600AA7F09 /* TopHeadlinesViewProtocol.swift */ = {isa = PBXFileReference; lastKnownFileType = sourcecode.swift; path = TopHeadlinesViewProtocol.swift; sourceTree = "<group>"; };
		76F4481423AEBF3200AA7F09 /* TopHeadlinesPresenter.swift */ = {isa = PBXFileReference; lastKnownFileType = sourcecode.swift; path = TopHeadlinesPresenter.swift; sourceTree = "<group>"; };
		76F4481623AEBF3A00AA7F09 /* TopHeadlinesPresenterProtocol.swift */ = {isa = PBXFileReference; lastKnownFileType = sourcecode.swift; path = TopHeadlinesPresenterProtocol.swift; sourceTree = "<group>"; };
/* End PBXFileReference section */

/* Begin PBXFrameworksBuildPhase section */
		760989F323AE3149003F021B /* Frameworks */ = {
			isa = PBXFrameworksBuildPhase;
			buildActionMask = 2147483647;
			files = (
			);
			runOnlyForDeploymentPostprocessing = 0;
		};
		76098A0C23AE314A003F021B /* Frameworks */ = {
			isa = PBXFrameworksBuildPhase;
			buildActionMask = 2147483647;
			files = (
			);
			runOnlyForDeploymentPostprocessing = 0;
		};
/* End PBXFrameworksBuildPhase section */

/* Begin PBXGroup section */
		760989ED23AE3149003F021B = {
			isa = PBXGroup;
			children = (
				760989F823AE3149003F021B /* NewsApp */,
				76098A1223AE314A003F021B /* NewsAppTests */,
				760989F723AE3149003F021B /* Products */,
			);
			sourceTree = "<group>";
		};
		760989F723AE3149003F021B /* Products */ = {
			isa = PBXGroup;
			children = (
				760989F623AE3149003F021B /* NewsApp.app */,
				76098A0F23AE314A003F021B /* NewsAppTests.xctest */,
			);
			name = Products;
			sourceTree = "<group>";
		};
		760989F823AE3149003F021B /* NewsApp */ = {
			isa = PBXGroup;
			children = (
				76987EE923AE702400869280 /* Extensions */,
				76987EE423AE6F4900869280 /* Helpers */,
				76098A1E23AE368B003F021B /* ModuleBuilder */,
				76098A4B23AE5C43003F021B /* Router */,
				76098A2F23AE3DF6003F021B /* Services */,
				76098A2223AE3796003F021B /* Modules */,
				7617A32123AF9578002F3EE5 /* System */,
				76098A0A23AE314A003F021B /* Info.plist */,
				760989F923AE3149003F021B /* AppDelegate.swift */,
				760989FB23AE3149003F021B /* SceneDelegate.swift */,
				76098A0023AE3149003F021B /* ContentView.swift */,
				76098A0223AE314A003F021B /* Assets.xcassets */,
				76098A0723AE314A003F021B /* LaunchScreen.storyboard */,
				7615825A23AF963900F2F3F1 /* Preview Content */,
			);
			path = NewsApp;
			sourceTree = "<group>";
		};
		76098A1223AE314A003F021B /* NewsAppTests */ = {
			isa = PBXGroup;
			children = (
				76098A1323AE314A003F021B /* NewsAppTests.swift */,
				76098A1523AE314A003F021B /* Info.plist */,
			);
			path = NewsAppTests;
			sourceTree = "<group>";
		};
		76098A1E23AE368B003F021B /* ModuleBuilder */ = {
			isa = PBXGroup;
			children = (
				76098A1F23AE36A7003F021B /* ModuleBuilder.swift */,
				76098A5023AE5DD2003F021B /* ModuleBuilderProtocol.swift */,
			);
			path = ModuleBuilder;
			sourceTree = "<group>";
		};
		76098A2123AE3781003F021B /* TopHeadlinesPage */ = {
			isa = PBXGroup;
			children = (
				76F4480F23AEBEDC00AA7F09 /* View */,
				76F4480E23AEBED400AA7F09 /* Presenter */,
				76F4480D23AEBECF00AA7F09 /* Model */,
			);
			path = TopHeadlinesPage;
			sourceTree = "<group>";
		};
		76098A2223AE3796003F021B /* Modules */ = {
			isa = PBXGroup;
			children = (
				76098A5223AE67E9003F021B /* MainPage */,
				76098A2323AE37A2003F021B /* EverythingPage */,
				76098A2123AE3781003F021B /* TopHeadlinesPage */,
				7617A31523AF8D5E002F3EE5 /* DetailPage */,
			);
			path = Modules;
			sourceTree = "<group>";
		};
		76098A2323AE37A2003F021B /* EverythingPage */ = {
			isa = PBXGroup;
			children = (
				76098A2623AE37B6003F021B /* View */,
				76098A2523AE37B1003F021B /* Presenter */,
				76098A2423AE37AD003F021B /* Model */,
			);
			path = EverythingPage;
			sourceTree = "<group>";
		};
		76098A2423AE37AD003F021B /* Model */ = {
			isa = PBXGroup;
			children = (
				76098A3523AE3FDF003F021B /* News.swift */,
				76098A4923AE58D3003F021B /* EntityNetworkContext.swift */,
			);
			path = Model;
			sourceTree = "<group>";
		};
		76098A2523AE37B1003F021B /* Presenter */ = {
			isa = PBXGroup;
			children = (
				76098A2923AE37F1003F021B /* EverythingPresenter.swift */,
				76098A2B23AE37FA003F021B /* EverythingPresenterProtocol.swift */,
			);
			path = Presenter;
			sourceTree = "<group>";
		};
		76098A2623AE37B6003F021B /* View */ = {
			isa = PBXGroup;
			children = (
				76098A2723AE37C2003F021B /* EverythingViewController.swift */,
				76A6AFC123AE759900B0A4E3 /* EverythingCell.swift */,
				76098A2D23AE385E003F021B /* EverythingViewProtocol.swift */,
			);
			path = View;
			sourceTree = "<group>";
		};
		76098A2F23AE3DF6003F021B /* Services */ = {
			isa = PBXGroup;
			children = (
				76A6AFCA23AE800700B0A4E3 /* AppServices.swift */,
				76A6AFC323AE77D900B0A4E3 /* CoreData */,
				76098A3023AE3DFE003F021B /* Network */,
			);
			path = Services;
			sourceTree = "<group>";
		};
		76098A3023AE3DFE003F021B /* Network */ = {
			isa = PBXGroup;
			children = (
				76098A3B23AE464F003F021B /* RouteProtocol.swift */,
				76098A3D23AE466C003F021B /* Route.swift */,
				76098A3123AE3E0D003F021B /* NetworkService.swift */,
				76098A4723AE4C9F003F021B /* SuccessNetworkResponse.swift */,
				76098A3723AE4497003F021B /* NetworkResponse.swift */,
				76098A3323AE3E3D003F021B /* NetworkServiceProtocol.swift */,
				76098A3923AE4633003F021B /* NetworkContext.swift */,
				76098A3F23AE47D6003F021B /* NetworkMethod.swift */,
				76098A4123AE47E6003F021B /* NetworkEncoding.swift */,
				76098A4323AE4813003F021B /* NetworkError.swift */,
				76098A4523AE48B6003F021B /* FailureNetworkResponse.swift */,
			);
			path = Network;
			sourceTree = "<group>";
		};
		76098A4B23AE5C43003F021B /* Router */ = {
			isa = PBXGroup;
			children = (
				76098A4C23AE5C4B003F021B /* RouterProtocol.swift */,
				76098A4E23AE5C50003F021B /* Router.swift */,
			);
			path = Router;
			sourceTree = "<group>";
		};
		76098A5223AE67E9003F021B /* MainPage */ = {
			isa = PBXGroup;
			children = (
				76098A5723AE68C9003F021B /* Model */,
				76098A5623AE68C2003F021B /* Presenter */,
				76098A5523AE68BB003F021B /* View */,
			);
			path = MainPage;
			sourceTree = "<group>";
		};
		76098A5523AE68BB003F021B /* View */ = {
			isa = PBXGroup;
			children = (
				76098A5323AE67FF003F021B /* TabBarController.swift */,
				76098A5E23AE696E003F021B /* TabBarViewProtocol.swift */,
			);
			path = View;
			sourceTree = "<group>";
		};
		76098A5623AE68C2003F021B /* Presenter */ = {
			isa = PBXGroup;
			children = (
				76098A5A23AE692E003F021B /* TabBarPresenter.swift */,
				76098A5C23AE6938003F021B /* TabBarPresenterProtocol.swift */,
			);
			path = Presenter;
			sourceTree = "<group>";
		};
		76098A5723AE68C9003F021B /* Model */ = {
			isa = PBXGroup;
			children = (
				76098A5823AE68DA003F021B /* TabItem.swift */,
			);
			path = Model;
			sourceTree = "<group>";
		};
		7615825A23AF963900F2F3F1 /* Preview Content */ = {
			isa = PBXGroup;
			children = (
				7615825B23AF963900F2F3F1 /* Preview Assets.xcassets */,
			);
			path = "Preview Content";
			sourceTree = "<group>";
		};
		7617A31523AF8D5E002F3EE5 /* DetailPage */ = {
			isa = PBXGroup;
			children = (
				7617A31823AF8D71002F3EE5 /* Model */,
				7617A31723AF8D6B002F3EE5 /* Presenter */,
				7617A31623AF8D68002F3EE5 /* View */,
			);
			path = DetailPage;
			sourceTree = "<group>";
		};
		7617A31623AF8D68002F3EE5 /* View */ = {
			isa = PBXGroup;
			children = (
				7617A31923AF8D81002F3EE5 /* BaseDetailViewController.swift */,
				7617A31B23AF8D8D002F3EE5 /* BaseDetailViewProtocol.swift */,
			);
			path = View;
			sourceTree = "<group>";
		};
		7617A31723AF8D6B002F3EE5 /* Presenter */ = {
			isa = PBXGroup;
			children = (
				7617A31D23AF8ECC002F3EE5 /* BaseDetailPresenter.swift */,
				7617A31F23AF8ED2002F3EE5 /* BaseDetailPresenterProtocol.swift */,
			);
			path = Presenter;
			sourceTree = "<group>";
		};
		7617A31823AF8D71002F3EE5 /* Model */ = {
			isa = PBXGroup;
			children = (
			);
			path = Model;
			sourceTree = "<group>";
		};
		7617A32123AF9578002F3EE5 /* System */ = {
			isa = PBXGroup;
			children = (
			);
			path = System;
			sourceTree = "<group>";
		};
		76987EE423AE6F4900869280 /* Helpers */ = {
			isa = PBXGroup;
			children = (
				76987EE523AE6F5500869280 /* ViewInitalizationProtocol.swift */,
				76A6AFBD23AE741B00B0A4E3 /* ImageProtocol.swift */,
				76A6AFBF23AE743600B0A4E3 /* NewsAppImage.swift */,
				76F4480923AEB4A100AA7F09 /* ActivityIndicatorProtocol.swift */,
			);
			path = Helpers;
			sourceTree = "<group>";
		};
		76987EE923AE702400869280 /* Extensions */ = {
			isa = PBXGroup;
			children = (
				76987EE723AE701D00869280 /* UIVIew + extension.swift */,
				76F4480723AEA0C000AA7F09 /* UIDevice + extension.swift */,
				76F4480B23AEB4C600AA7F09 /* UIViewController + extension.swift */,
			);
			path = Extensions;
			sourceTree = "<group>";
		};
		76A6AFC323AE77D900B0A4E3 /* CoreData */ = {
			isa = PBXGroup;
			children = (
				76A6AFC423AE77E700B0A4E3 /* CoreDataStack.swift */,
				76A6AFC623AE784900B0A4E3 /* TopHeadlines.swift */,
				76A6AFC823AE787F00B0A4E3 /* Everything.swift */,
			);
			path = CoreData;
			sourceTree = "<group>";
		};
		76F4480D23AEBECF00AA7F09 /* Model */ = {
			isa = PBXGroup;
			children = (
				7617A31323AF4439002F3EE5 /* TopHeadlinesNetworkContext.swift */,
			);
			path = Model;
			sourceTree = "<group>";
		};
		76F4480E23AEBED400AA7F09 /* Presenter */ = {
			isa = PBXGroup;
			children = (
				76F4481423AEBF3200AA7F09 /* TopHeadlinesPresenter.swift */,
				76F4481623AEBF3A00AA7F09 /* TopHeadlinesPresenterProtocol.swift */,
			);
			path = Presenter;
			sourceTree = "<group>";
		};
		76F4480F23AEBEDC00AA7F09 /* View */ = {
			isa = PBXGroup;
			children = (
				76F4481023AEBEED00AA7F09 /* TopHeadlinesViewController.swift */,
				76F4481223AEBF2600AA7F09 /* TopHeadlinesViewProtocol.swift */,
			);
			path = View;
			sourceTree = "<group>";
		};
/* End PBXGroup section */

/* Begin PBXNativeTarget section */
		760989F523AE3149003F021B /* NewsApp */ = {
			isa = PBXNativeTarget;
			buildConfigurationList = 76098A1823AE314A003F021B /* Build configuration list for PBXNativeTarget "NewsApp" */;
			buildPhases = (
				760989F223AE3149003F021B /* Sources */,
				760989F323AE3149003F021B /* Frameworks */,
				760989F423AE3149003F021B /* Resources */,
			);
			buildRules = (
			);
			dependencies = (
			);
			name = NewsApp;
			productName = NewsApp;
			productReference = 760989F623AE3149003F021B /* NewsApp.app */;
			productType = "com.apple.product-type.application";
		};
		76098A0E23AE314A003F021B /* NewsAppTests */ = {
			isa = PBXNativeTarget;
			buildConfigurationList = 76098A1B23AE314A003F021B /* Build configuration list for PBXNativeTarget "NewsAppTests" */;
			buildPhases = (
				76098A0B23AE314A003F021B /* Sources */,
				76098A0C23AE314A003F021B /* Frameworks */,
				76098A0D23AE314A003F021B /* Resources */,
			);
			buildRules = (
			);
			dependencies = (
				76098A1123AE314A003F021B /* PBXTargetDependency */,
			);
			name = NewsAppTests;
			productName = NewsAppTests;
			productReference = 76098A0F23AE314A003F021B /* NewsAppTests.xctest */;
			productType = "com.apple.product-type.bundle.unit-test";
		};
/* End PBXNativeTarget section */

/* Begin PBXProject section */
		760989EE23AE3149003F021B /* Project object */ = {
			isa = PBXProject;
			attributes = {
				LastSwiftUpdateCheck = 1120;
				LastUpgradeCheck = 1120;
				ORGANIZATIONNAME = psuser;
				TargetAttributes = {
					760989F523AE3149003F021B = {
						CreatedOnToolsVersion = 11.2.1;
					};
					76098A0E23AE314A003F021B = {
						CreatedOnToolsVersion = 11.2.1;
						TestTargetID = 760989F523AE3149003F021B;
					};
				};
			};
			buildConfigurationList = 760989F123AE3149003F021B /* Build configuration list for PBXProject "NewsApp" */;
			compatibilityVersion = "Xcode 9.3";
			developmentRegion = en;
			hasScannedForEncodings = 0;
			knownRegions = (
				en,
				Base,
			);
			mainGroup = 760989ED23AE3149003F021B;
			productRefGroup = 760989F723AE3149003F021B /* Products */;
			projectDirPath = "";
			projectRoot = "";
			targets = (
				760989F523AE3149003F021B /* NewsApp */,
				76098A0E23AE314A003F021B /* NewsAppTests */,
			);
		};
/* End PBXProject section */

/* Begin PBXResourcesBuildPhase section */
		760989F423AE3149003F021B /* Resources */ = {
			isa = PBXResourcesBuildPhase;
			buildActionMask = 2147483647;
			files = (
				76098A0923AE314A003F021B /* LaunchScreen.storyboard in Resources */,
				7615825C23AF963900F2F3F1 /* Preview Assets.xcassets in Resources */,
				76098A0323AE314A003F021B /* Assets.xcassets in Resources */,
			);
			runOnlyForDeploymentPostprocessing = 0;
		};
		76098A0D23AE314A003F021B /* Resources */ = {
			isa = PBXResourcesBuildPhase;
			buildActionMask = 2147483647;
			files = (
			);
			runOnlyForDeploymentPostprocessing = 0;
		};
/* End PBXResourcesBuildPhase section */

/* Begin PBXSourcesBuildPhase section */
		760989F223AE3149003F021B /* Sources */ = {
			isa = PBXSourcesBuildPhase;
			buildActionMask = 2147483647;
			files = (
				76098A3223AE3E0D003F021B /* NetworkService.swift in Sources */,
				76098A5423AE67FF003F021B /* TabBarController.swift in Sources */,
				76F4481323AEBF2600AA7F09 /* TopHeadlinesViewProtocol.swift in Sources */,
				76098A3C23AE464F003F021B /* RouteProtocol.swift in Sources */,
				76A6AFC523AE77E700B0A4E3 /* CoreDataStack.swift in Sources */,
				760989FA23AE3149003F021B /* AppDelegate.swift in Sources */,
				76A6AFC023AE743600B0A4E3 /* NewsAppImage.swift in Sources */,
				76098A4223AE47E6003F021B /* NetworkEncoding.swift in Sources */,
				76098A4623AE48B6003F021B /* FailureNetworkResponse.swift in Sources */,
				76098A2C23AE37FA003F021B /* EverythingPresenterProtocol.swift in Sources */,
				76098A4D23AE5C4B003F021B /* RouterProtocol.swift in Sources */,
				76098A5B23AE692E003F021B /* TabBarPresenter.swift in Sources */,
				76A6AFC723AE784900B0A4E3 /* TopHeadlines.swift in Sources */,
				76A6AFCB23AE800700B0A4E3 /* AppServices.swift in Sources */,
				760989FC23AE3149003F021B /* SceneDelegate.swift in Sources */,
				76098A5123AE5DD2003F021B /* ModuleBuilderProtocol.swift in Sources */,
				76098A3E23AE466C003F021B /* Route.swift in Sources */,
				76098A0123AE3149003F021B /* ContentView.swift in Sources */,
				76F4481123AEBEED00AA7F09 /* TopHeadlinesViewController.swift in Sources */,
				76098A2823AE37C2003F021B /* EverythingViewController.swift in Sources */,
				76098A2E23AE385E003F021B /* EverythingViewProtocol.swift in Sources */,
				76098A2A23AE37F1003F021B /* EverythingPresenter.swift in Sources */,
				76F4480C23AEB4C600AA7F09 /* UIViewController + extension.swift in Sources */,
				76098A3A23AE4633003F021B /* NetworkContext.swift in Sources */,
				76098A3623AE3FDF003F021B /* News.swift in Sources */,
				76F4480A23AEB4A100AA7F09 /* ActivityIndicatorProtocol.swift in Sources */,
				7617A31C23AF8D8D002F3EE5 /* BaseDetailViewProtocol.swift in Sources */,
				76098A5923AE68DA003F021B /* TabItem.swift in Sources */,
				76A6AFBE23AE741B00B0A4E3 /* ImageProtocol.swift in Sources */,
				76098A2023AE36A7003F021B /* ModuleBuilder.swift in Sources */,
				76987EE823AE701D00869280 /* UIVIew + extension.swift in Sources */,
				76098A4F23AE5C50003F021B /* Router.swift in Sources */,
				76A6AFC923AE787F00B0A4E3 /* Everything.swift in Sources */,
				76098A4823AE4C9F003F021B /* SuccessNetworkResponse.swift in Sources */,
				76098A5F23AE696E003F021B /* TabBarViewProtocol.swift in Sources */,
				76F4481723AEBF3A00AA7F09 /* TopHeadlinesPresenterProtocol.swift in Sources */,
				76A6AFC223AE759900B0A4E3 /* EverythingCell.swift in Sources */,
				76098A4023AE47D7003F021B /* NetworkMethod.swift in Sources */,
				76098A3423AE3E3D003F021B /* NetworkServiceProtocol.swift in Sources */,
				7617A32023AF8ED2002F3EE5 /* BaseDetailPresenterProtocol.swift in Sources */,
				7617A31A23AF8D81002F3EE5 /* BaseDetailViewController.swift in Sources */,
				7617A31423AF4439002F3EE5 /* TopHeadlinesNetworkContext.swift in Sources */,
				76987EE623AE6F5500869280 /* ViewInitalizationProtocol.swift in Sources */,
				76F4480823AEA0C000AA7F09 /* UIDevice + extension.swift in Sources */,
				76098A5D23AE6938003F021B /* TabBarPresenterProtocol.swift in Sources */,
				76098A3823AE4497003F021B /* NetworkResponse.swift in Sources */,
				76098A4423AE4813003F021B /* NetworkError.swift in Sources */,
				76F4481523AEBF3200AA7F09 /* TopHeadlinesPresenter.swift in Sources */,
				7617A31E23AF8ECC002F3EE5 /* BaseDetailPresenter.swift in Sources */,
				76098A4A23AE58D3003F021B /* EntityNetworkContext.swift in Sources */,
			);
			runOnlyForDeploymentPostprocessing = 0;
		};
		76098A0B23AE314A003F021B /* Sources */ = {
			isa = PBXSourcesBuildPhase;
			buildActionMask = 2147483647;
			files = (
				76098A1423AE314A003F021B /* NewsAppTests.swift in Sources */,
			);
			runOnlyForDeploymentPostprocessing = 0;
		};
/* End PBXSourcesBuildPhase section */

/* Begin PBXTargetDependency section */
		76098A1123AE314A003F021B /* PBXTargetDependency */ = {
			isa = PBXTargetDependency;
			target = 760989F523AE3149003F021B /* NewsApp */;
			targetProxy = 76098A1023AE314A003F021B /* PBXContainerItemProxy */;
		};
/* End PBXTargetDependency section */

/* Begin PBXVariantGroup section */
		76098A0723AE314A003F021B /* LaunchScreen.storyboard */ = {
			isa = PBXVariantGroup;
			children = (
				76098A0823AE314A003F021B /* Base */,
			);
			name = LaunchScreen.storyboard;
			sourceTree = "<group>";
		};
/* End PBXVariantGroup section */

/* Begin XCBuildConfiguration section */
		76098A1623AE314A003F021B /* Debug */ = {
			isa = XCBuildConfiguration;
			buildSettings = {
				ALWAYS_SEARCH_USER_PATHS = NO;
				CLANG_ANALYZER_NONNULL = YES;
				CLANG_ANALYZER_NUMBER_OBJECT_CONVERSION = YES_AGGRESSIVE;
				CLANG_CXX_LANGUAGE_STANDARD = "gnu++14";
				CLANG_CXX_LIBRARY = "libc++";
				CLANG_ENABLE_MODULES = YES;
				CLANG_ENABLE_OBJC_ARC = YES;
				CLANG_ENABLE_OBJC_WEAK = YES;
				CLANG_WARN_BLOCK_CAPTURE_AUTORELEASING = YES;
				CLANG_WARN_BOOL_CONVERSION = YES;
				CLANG_WARN_COMMA = YES;
				CLANG_WARN_CONSTANT_CONVERSION = YES;
				CLANG_WARN_DEPRECATED_OBJC_IMPLEMENTATIONS = YES;
				CLANG_WARN_DIRECT_OBJC_ISA_USAGE = YES_ERROR;
				CLANG_WARN_DOCUMENTATION_COMMENTS = YES;
				CLANG_WARN_EMPTY_BODY = YES;
				CLANG_WARN_ENUM_CONVERSION = YES;
				CLANG_WARN_INFINITE_RECURSION = YES;
				CLANG_WARN_INT_CONVERSION = YES;
				CLANG_WARN_NON_LITERAL_NULL_CONVERSION = YES;
				CLANG_WARN_OBJC_IMPLICIT_RETAIN_SELF = YES;
				CLANG_WARN_OBJC_LITERAL_CONVERSION = YES;
				CLANG_WARN_OBJC_ROOT_CLASS = YES_ERROR;
				CLANG_WARN_RANGE_LOOP_ANALYSIS = YES;
				CLANG_WARN_STRICT_PROTOTYPES = YES;
				CLANG_WARN_SUSPICIOUS_MOVE = YES;
				CLANG_WARN_UNGUARDED_AVAILABILITY = YES_AGGRESSIVE;
				CLANG_WARN_UNREACHABLE_CODE = YES;
				CLANG_WARN__DUPLICATE_METHOD_MATCH = YES;
				COPY_PHASE_STRIP = NO;
				DEBUG_INFORMATION_FORMAT = dwarf;
				ENABLE_STRICT_OBJC_MSGSEND = YES;
				ENABLE_TESTABILITY = YES;
				GCC_C_LANGUAGE_STANDARD = gnu11;
				GCC_DYNAMIC_NO_PIC = NO;
				GCC_NO_COMMON_BLOCKS = YES;
				GCC_OPTIMIZATION_LEVEL = 0;
				GCC_PREPROCESSOR_DEFINITIONS = (
					"DEBUG=1",
					"$(inherited)",
				);
				GCC_WARN_64_TO_32_BIT_CONVERSION = YES;
				GCC_WARN_ABOUT_RETURN_TYPE = YES_ERROR;
				GCC_WARN_UNDECLARED_SELECTOR = YES;
				GCC_WARN_UNINITIALIZED_AUTOS = YES_AGGRESSIVE;
				GCC_WARN_UNUSED_FUNCTION = YES;
				GCC_WARN_UNUSED_VARIABLE = YES;
				IPHONEOS_DEPLOYMENT_TARGET = 13.2;
				MTL_ENABLE_DEBUG_INFO = INCLUDE_SOURCE;
				MTL_FAST_MATH = YES;
				ONLY_ACTIVE_ARCH = YES;
				SDKROOT = iphoneos;
				SWIFT_ACTIVE_COMPILATION_CONDITIONS = DEBUG;
				SWIFT_OPTIMIZATION_LEVEL = "-Onone";
			};
			name = Debug;
		};
		76098A1723AE314A003F021B /* Release */ = {
			isa = XCBuildConfiguration;
			buildSettings = {
				ALWAYS_SEARCH_USER_PATHS = NO;
				CLANG_ANALYZER_NONNULL = YES;
				CLANG_ANALYZER_NUMBER_OBJECT_CONVERSION = YES_AGGRESSIVE;
				CLANG_CXX_LANGUAGE_STANDARD = "gnu++14";
				CLANG_CXX_LIBRARY = "libc++";
				CLANG_ENABLE_MODULES = YES;
				CLANG_ENABLE_OBJC_ARC = YES;
				CLANG_ENABLE_OBJC_WEAK = YES;
				CLANG_WARN_BLOCK_CAPTURE_AUTORELEASING = YES;
				CLANG_WARN_BOOL_CONVERSION = YES;
				CLANG_WARN_COMMA = YES;
				CLANG_WARN_CONSTANT_CONVERSION = YES;
				CLANG_WARN_DEPRECATED_OBJC_IMPLEMENTATIONS = YES;
				CLANG_WARN_DIRECT_OBJC_ISA_USAGE = YES_ERROR;
				CLANG_WARN_DOCUMENTATION_COMMENTS = YES;
				CLANG_WARN_EMPTY_BODY = YES;
				CLANG_WARN_ENUM_CONVERSION = YES;
				CLANG_WARN_INFINITE_RECURSION = YES;
				CLANG_WARN_INT_CONVERSION = YES;
				CLANG_WARN_NON_LITERAL_NULL_CONVERSION = YES;
				CLANG_WARN_OBJC_IMPLICIT_RETAIN_SELF = YES;
				CLANG_WARN_OBJC_LITERAL_CONVERSION = YES;
				CLANG_WARN_OBJC_ROOT_CLASS = YES_ERROR;
				CLANG_WARN_RANGE_LOOP_ANALYSIS = YES;
				CLANG_WARN_STRICT_PROTOTYPES = YES;
				CLANG_WARN_SUSPICIOUS_MOVE = YES;
				CLANG_WARN_UNGUARDED_AVAILABILITY = YES_AGGRESSIVE;
				CLANG_WARN_UNREACHABLE_CODE = YES;
				CLANG_WARN__DUPLICATE_METHOD_MATCH = YES;
				COPY_PHASE_STRIP = NO;
				DEBUG_INFORMATION_FORMAT = "dwarf-with-dsym";
				ENABLE_NS_ASSERTIONS = NO;
				ENABLE_STRICT_OBJC_MSGSEND = YES;
				GCC_C_LANGUAGE_STANDARD = gnu11;
				GCC_NO_COMMON_BLOCKS = YES;
				GCC_WARN_64_TO_32_BIT_CONVERSION = YES;
				GCC_WARN_ABOUT_RETURN_TYPE = YES_ERROR;
				GCC_WARN_UNDECLARED_SELECTOR = YES;
				GCC_WARN_UNINITIALIZED_AUTOS = YES_AGGRESSIVE;
				GCC_WARN_UNUSED_FUNCTION = YES;
				GCC_WARN_UNUSED_VARIABLE = YES;
				IPHONEOS_DEPLOYMENT_TARGET = 13.2;
				MTL_ENABLE_DEBUG_INFO = NO;
				MTL_FAST_MATH = YES;
				SDKROOT = iphoneos;
				SWIFT_COMPILATION_MODE = wholemodule;
				SWIFT_OPTIMIZATION_LEVEL = "-O";
				VALIDATE_PRODUCT = YES;
			};
			name = Release;
		};
		76098A1923AE314A003F021B /* Debug */ = {
			isa = XCBuildConfiguration;
			buildSettings = {
				ASSETCATALOG_COMPILER_APPICON_NAME = AppIcon;
				CODE_SIGN_STYLE = Automatic;
				DEVELOPMENT_ASSET_PATHS = "\"NewsApp/Preview Content\"";
				ENABLE_PREVIEWS = YES;
				INFOPLIST_FILE = NewsApp/Info.plist;
				LD_RUNPATH_SEARCH_PATHS = (
					"$(inherited)",
					"@executable_path/Frameworks",
				);
				PRODUCT_BUNDLE_IDENTIFIER = com.kz.psuser.NewsApp;
				PRODUCT_NAME = "$(TARGET_NAME)";
				SWIFT_VERSION = 5.0;
				TARGETED_DEVICE_FAMILY = "1,2";
			};
			name = Debug;
		};
		76098A1A23AE314A003F021B /* Release */ = {
			isa = XCBuildConfiguration;
			buildSettings = {
				ASSETCATALOG_COMPILER_APPICON_NAME = AppIcon;
				CODE_SIGN_STYLE = Automatic;
				DEVELOPMENT_ASSET_PATHS = "\"NewsApp/Preview Content\"";
				ENABLE_PREVIEWS = YES;
				INFOPLIST_FILE = NewsApp/Info.plist;
				LD_RUNPATH_SEARCH_PATHS = (
					"$(inherited)",
					"@executable_path/Frameworks",
				);
				PRODUCT_BUNDLE_IDENTIFIER = com.kz.psuser.NewsApp;
				PRODUCT_NAME = "$(TARGET_NAME)";
				SWIFT_VERSION = 5.0;
				TARGETED_DEVICE_FAMILY = "1,2";
			};
			name = Release;
		};
		76098A1C23AE314A003F021B /* Debug */ = {
			isa = XCBuildConfiguration;
			buildSettings = {
				ALWAYS_EMBED_SWIFT_STANDARD_LIBRARIES = YES;
				BUNDLE_LOADER = "$(TEST_HOST)";
				CODE_SIGN_STYLE = Automatic;
				INFOPLIST_FILE = NewsAppTests/Info.plist;
				IPHONEOS_DEPLOYMENT_TARGET = 13.2;
				LD_RUNPATH_SEARCH_PATHS = (
					"$(inherited)",
					"@executable_path/Frameworks",
					"@loader_path/Frameworks",
				);
				PRODUCT_BUNDLE_IDENTIFIER = com.kz.psuser.NewsAppTests;
				PRODUCT_NAME = "$(TARGET_NAME)";
				SWIFT_VERSION = 5.0;
				TARGETED_DEVICE_FAMILY = "1,2";
				TEST_HOST = "$(BUILT_PRODUCTS_DIR)/NewsApp.app/NewsApp";
			};
			name = Debug;
		};
		76098A1D23AE314A003F021B /* Release */ = {
			isa = XCBuildConfiguration;
			buildSettings = {
				ALWAYS_EMBED_SWIFT_STANDARD_LIBRARIES = YES;
				BUNDLE_LOADER = "$(TEST_HOST)";
				CODE_SIGN_STYLE = Automatic;
				INFOPLIST_FILE = NewsAppTests/Info.plist;
				IPHONEOS_DEPLOYMENT_TARGET = 13.2;
				LD_RUNPATH_SEARCH_PATHS = (
					"$(inherited)",
					"@executable_path/Frameworks",
					"@loader_path/Frameworks",
				);
				PRODUCT_BUNDLE_IDENTIFIER = com.kz.psuser.NewsAppTests;
				PRODUCT_NAME = "$(TARGET_NAME)";
				SWIFT_VERSION = 5.0;
				TARGETED_DEVICE_FAMILY = "1,2";
				TEST_HOST = "$(BUILT_PRODUCTS_DIR)/NewsApp.app/NewsApp";
			};
			name = Release;
		};
/* End XCBuildConfiguration section */

/* Begin XCConfigurationList section */
		760989F123AE3149003F021B /* Build configuration list for PBXProject "NewsApp" */ = {
			isa = XCConfigurationList;
			buildConfigurations = (
				76098A1623AE314A003F021B /* Debug */,
				76098A1723AE314A003F021B /* Release */,
			);
			defaultConfigurationIsVisible = 0;
			defaultConfigurationName = Release;
		};
		76098A1823AE314A003F021B /* Build configuration list for PBXNativeTarget "NewsApp" */ = {
			isa = XCConfigurationList;
			buildConfigurations = (
				76098A1923AE314A003F021B /* Debug */,
				76098A1A23AE314A003F021B /* Release */,
			);
			defaultConfigurationIsVisible = 0;
			defaultConfigurationName = Release;
		};
		76098A1B23AE314A003F021B /* Build configuration list for PBXNativeTarget "NewsAppTests" */ = {
			isa = XCConfigurationList;
			buildConfigurations = (
				76098A1C23AE314A003F021B /* Debug */,
				76098A1D23AE314A003F021B /* Release */,
			);
			defaultConfigurationIsVisible = 0;
			defaultConfigurationName = Release;
		};
/* End XCConfigurationList section */
	};
	rootObject = 760989EE23AE3149003F021B /* Project object */;
}
